
Microsoft Visual Studio Solution File, Format Version 12.00
# Visual Studio Version 17
VisualStudioVersion = 17.9.34714.143
MinimumVisualStudioVersion = 10.0.40219.1
Project("{FAE04EC0-301F-11D3-BF4B-00C04F79EFBC}") = "EasySite", "EasySite\EasySite.csproj", "{3D1F8067-6472-4595-A323-B9C807A0B999}"
EndProject
Project("{FAE04EC0-301F-11D3-BF4B-00C04F79EFBC}") = "EasySite.Core", "EasySite.Core\EasySite.Core.csproj", "{05CB5656-953F-47E4-9B96-1ED2BD1E14C4}"
EndProject
Project("{FAE04EC0-301F-11D3-BF4B-00C04F79EFBC}") = "EasySite.Repository", "EasySite.Repository\EasySite.Repository.csproj", "{EFE1DF77-6FF3-4783-A767-2CA5EA3959E4}"
EndProject
Project("{FAE04EC0-301F-11D3-BF4B-00C04F79EFBC}") = "EasySite.Services", "EasySite.Services\EasySite.Services.csproj", "{0BB82124-2737-4344-AD71-630150C9ABC8}"
EndProject
Global
	GlobalSection(SolutionConfigurationPlatforms) = preSolution
		Debug|Any CPU = Debug|Any CPU
		Release|Any CPU = Release|Any CPU
	EndGlobalSection
	GlobalSection(ProjectConfigurationPlatforms) = postSolution
		{3D1F8067-6472-4595-A323-B9C807A0B999}.Debug|Any CPU.ActiveCfg = Debug|Any CPU
		{3D1F8067-6472-4595-A323-B9C807A0B999}.Debug|Any CPU.Build.0 = Debug|Any CPU
		{3D1F8067-6472-4595-A323-B9C807A0B999}.Release|Any CPU.ActiveCfg = Release|Any CPU
		{3D1F8067-6472-4595-A323-B9C807A0B999}.Release|Any CPU.Build.0 = Release|Any CPU
		{05CB5656-953F-47E4-9B96-1ED2BD1E14C4}.Debug|Any CPU.ActiveCfg = Debug|Any CPU
		{05CB5656-953F-47E4-9B96-1ED2BD1E14C4}.Debug|Any CPU.Build.0 = Debug|Any CPU
		{05CB5656-953F-47E4-9B96-1ED2BD1E14C4}.Release|Any CPU.ActiveCfg = Release|Any CPU
		{05CB5656-953F-47E4-9B96-1ED2BD1E14C4}.Release|Any CPU.Build.0 = Release|Any CPU
		{EFE1DF77-6FF3-4783-A767-2CA5EA3959E4}.Debug|Any CPU.ActiveCfg = Debug|Any CPU
		{EFE1DF77-6FF3-4783-A767-2CA5EA3959E4}.Debug|Any CPU.Build.0 = Debug|Any CPU
		{EFE1DF77-6FF3-4783-A767-2CA5EA3959E4}.Release|Any CPU.ActiveCfg = Release|Any CPU
		{EFE1DF77-6FF3-4783-A767-2CA5EA3959E4}.Release|Any CPU.Build.0 = Release|Any CPU
		{0BB82124-2737-4344-AD71-630150C9ABC8}.Debug|Any CPU.ActiveCfg = Debug|Any CPU
		{0BB82124-2737-4344-AD71-630150C9ABC8}.Debug|Any CPU.Build.0 = Debug|Any CPU
		{0BB82124-2737-4344-AD71-630150C9ABC8}.Release|Any CPU.ActiveCfg = Release|Any CPU
		{0BB82124-2737-4344-AD71-630150C9ABC8}.Release|Any CPU.Build.0 = Release|Any CPU
	EndGlobalSection
	GlobalSection(SolutionProperties) = preSolution
		HideSolutionNode = FALSE
	EndGlobalSection
	GlobalSection(ExtensibilityGlobals) = postSolution
		SolutionGuid = {1F005427-CC8E-4CF9-A0D0-7A794A469A28}
	EndGlobalSection
EndGlobal
